
Microsoft Visual Studio Solution File, Format Version 12.00
# Visual Studio Version 17
VisualStudioVersion = 17.4.33205.214
MinimumVisualStudioVersion = 10.0.40219.1
Project("{888888A0-9F3D-457C-B088-3A5042F75D52}") = "pygame.init", "pygame.init.pyproj", "{517ACFC3-5008-49A1-865A-0D3D40FAB7F6}"
EndProject
Global
	GlobalSection(SolutionConfigurationPlatforms) = preSolution
		Debug|Any CPU = Debug|Any CPU
		Release|Any CPU = Release|Any CPU
	EndGlobalSection
	GlobalSection(ProjectConfigurationPlatforms) = postSolution
		{517ACFC3-5008-49A1-865A-0D3D40FAB7F6}.Debug|Any CPU.ActiveCfg = Debug|Any CPU
		{517ACFC3-5008-49A1-865A-0D3D40FAB7F6}.Release|Any CPU.ActiveCfg = Release|Any CPU
	EndGlobalSection
	GlobalSection(SolutionProperties) = preSolution
		HideSolutionNode = FALSE
	EndGlobalSection
	GlobalSection(ExtensibilityGlobals) = postSolution
		SolutionGuid = {3BB6C55D-ED2D-4E81-BC79-984A2E3864DC}
	EndGlobalSection
EndGlobal
